
Microsoft Visual Studio Solution File, Format Version 12.00
# Visual Studio Version 17
VisualStudioVersion = 17.0.31912.275
MinimumVisualStudioVersion = 10.0.40219.1
Project("{9A19103F-16F7-4668-BE54-9A1E7A4F7556}") = "ConsoleApp2017", "ConsoleApp2017\ConsoleApp2017.csproj", "{3FC2DB73-3151-4122-8333-5BE8107A3D5A}"
EndProject
Project("{9A19103F-16F7-4668-BE54-9A1E7A4F7556}") = "ConsoleApp2015", "ConsoleApp2015\ConsoleApp2015.csproj", "{0FDF3100-1DBB-4158-B3CD-1E8A25903DA2}"
EndProject
Project("{9A19103F-16F7-4668-BE54-9A1E7A4F7556}") = "Common", "Common\Common.csproj", "{6EEFDAA1-5054-4F8E-9732-B5D9E533B08B}"
EndProject
Project("{9A19103F-16F7-4668-BE54-9A1E7A4F7556}") = "ConsoleApp2019", "ConsoleApp2019\ConsoleApp2019.csproj", "{A632B2BF-F7D7-4D89-AE4C-D6B79D292109}"
EndProject
Project("{9A19103F-16F7-4668-BE54-9A1E7A4F7556}") = "ConsoleApp2020", "ConsoleApp2020\ConsoleApp2020.csproj", "{0D457D62-2A8F-4AFD-956E-F436A9070766}"
EndProject
Project("{9A19103F-16F7-4668-BE54-9A1E7A4F7556}") = "ConsoleApp2021", "ConsoleApp2021\ConsoleApp2021.csproj", "{9C401DA2-4679-4D94-BD63-E7771B3B0A39}"
EndProject
Project("{9A19103F-16F7-4668-BE54-9A1E7A4F7556}") = "ConsoleApp2022", "ConsoleApp2022\ConsoleApp2022.csproj", "{E3BE7CE7-92C2-4E0A-AD95-E2722AAF65F9}"
EndProject
Project("{9A19103F-16F7-4668-BE54-9A1E7A4F7556}") = "CommonTests", "CommonTests\CommonTests.csproj", "{A92D90D4-EF4E-4DBE-986D-3726C56DB9BD}"
EndProject
Project("{9A19103F-16F7-4668-BE54-9A1E7A4F7556}") = "ConsoleAppTests", "ConsoleAppTests\ConsoleAppTests.csproj", "{7D981570-9693-4576-B987-13E536D2A164}"
EndProject
Project("{9A19103F-16F7-4668-BE54-9A1E7A4F7556}") = "ConsoleApp2016", "ConsoleApp2016\ConsoleApp2016.csproj", "{41E55D09-EF83-41CB-A497-878EA6B551CF}"
EndProject
Project("{9A19103F-16F7-4668-BE54-9A1E7A4F7556}") = "ConsoleApp2023", "ConsoleApp2023\ConsoleApp2023.csproj", "{023BACAA-6E94-44E7-844B-F8F02CE2F97C}"
EndProject
Global
	GlobalSection(SolutionConfigurationPlatforms) = preSolution
		Debug|Any CPU = Debug|Any CPU
		Release|Any CPU = Release|Any CPU
	EndGlobalSection
	GlobalSection(ProjectConfigurationPlatforms) = postSolution
		{3FC2DB73-3151-4122-8333-5BE8107A3D5A}.Debug|Any CPU.ActiveCfg = Debug|Any CPU
		{3FC2DB73-3151-4122-8333-5BE8107A3D5A}.Debug|Any CPU.Build.0 = Debug|Any CPU
		{3FC2DB73-3151-4122-8333-5BE8107A3D5A}.Release|Any CPU.ActiveCfg = Release|Any CPU
		{3FC2DB73-3151-4122-8333-5BE8107A3D5A}.Release|Any CPU.Build.0 = Release|Any CPU
		{0FDF3100-1DBB-4158-B3CD-1E8A25903DA2}.Debug|Any CPU.ActiveCfg = Debug|Any CPU
		{0FDF3100-1DBB-4158-B3CD-1E8A25903DA2}.Debug|Any CPU.Build.0 = Debug|Any CPU
		{0FDF3100-1DBB-4158-B3CD-1E8A25903DA2}.Release|Any CPU.ActiveCfg = Release|Any CPU
		{0FDF3100-1DBB-4158-B3CD-1E8A25903DA2}.Release|Any CPU.Build.0 = Release|Any CPU
		{6EEFDAA1-5054-4F8E-9732-B5D9E533B08B}.Debug|Any CPU.ActiveCfg = Debug|Any CPU
		{6EEFDAA1-5054-4F8E-9732-B5D9E533B08B}.Debug|Any CPU.Build.0 = Debug|Any CPU
		{6EEFDAA1-5054-4F8E-9732-B5D9E533B08B}.Release|Any CPU.ActiveCfg = Release|Any CPU
		{6EEFDAA1-5054-4F8E-9732-B5D9E533B08B}.Release|Any CPU.Build.0 = Release|Any CPU
		{A632B2BF-F7D7-4D89-AE4C-D6B79D292109}.Debug|Any CPU.ActiveCfg = Debug|Any CPU
		{A632B2BF-F7D7-4D89-AE4C-D6B79D292109}.Debug|Any CPU.Build.0 = Debug|Any CPU
		{A632B2BF-F7D7-4D89-AE4C-D6B79D292109}.Release|Any CPU.ActiveCfg = Release|Any CPU
		{A632B2BF-F7D7-4D89-AE4C-D6B79D292109}.Release|Any CPU.Build.0 = Release|Any CPU
		{0D457D62-2A8F-4AFD-956E-F436A9070766}.Debug|Any CPU.ActiveCfg = Debug|Any CPU
		{0D457D62-2A8F-4AFD-956E-F436A9070766}.Debug|Any CPU.Build.0 = Debug|Any CPU
		{0D457D62-2A8F-4AFD-956E-F436A9070766}.Release|Any CPU.ActiveCfg = Release|Any CPU
		{0D457D62-2A8F-4AFD-956E-F436A9070766}.Release|Any CPU.Build.0 = Release|Any CPU
		{9C401DA2-4679-4D94-BD63-E7771B3B0A39}.Debug|Any CPU.ActiveCfg = Debug|Any CPU
		{9C401DA2-4679-4D94-BD63-E7771B3B0A39}.Debug|Any CPU.Build.0 = Debug|Any CPU
		{9C401DA2-4679-4D94-BD63-E7771B3B0A39}.Release|Any CPU.ActiveCfg = Release|Any CPU
		{9C401DA2-4679-4D94-BD63-E7771B3B0A39}.Release|Any CPU.Build.0 = Release|Any CPU
		{E3BE7CE7-92C2-4E0A-AD95-E2722AAF65F9}.Debug|Any CPU.ActiveCfg = Debug|Any CPU
		{E3BE7CE7-92C2-4E0A-AD95-E2722AAF65F9}.Debug|Any CPU.Build.0 = Debug|Any CPU
		{E3BE7CE7-92C2-4E0A-AD95-E2722AAF65F9}.Release|Any CPU.ActiveCfg = Release|Any CPU
		{E3BE7CE7-92C2-4E0A-AD95-E2722AAF65F9}.Release|Any CPU.Build.0 = Release|Any CPU
		{A92D90D4-EF4E-4DBE-986D-3726C56DB9BD}.Debug|Any CPU.ActiveCfg = Debug|Any CPU
		{A92D90D4-EF4E-4DBE-986D-3726C56DB9BD}.Debug|Any CPU.Build.0 = Debug|Any CPU
		{A92D90D4-EF4E-4DBE-986D-3726C56DB9BD}.Release|Any CPU.ActiveCfg = Release|Any CPU
		{A92D90D4-EF4E-4DBE-986D-3726C56DB9BD}.Release|Any CPU.Build.0 = Release|Any CPU
		{7D981570-9693-4576-B987-13E536D2A164}.Debug|Any CPU.ActiveCfg = Debug|Any CPU
		{7D981570-9693-4576-B987-13E536D2A164}.Debug|Any CPU.Build.0 = Debug|Any CPU
		{7D981570-9693-4576-B987-13E536D2A164}.Release|Any CPU.ActiveCfg = Release|Any CPU
		{7D981570-9693-4576-B987-13E536D2A164}.Release|Any CPU.Build.0 = Release|Any CPU
		{41E55D09-EF83-41CB-A497-878EA6B551CF}.Debug|Any CPU.ActiveCfg = Debug|Any CPU
		{41E55D09-EF83-41CB-A497-878EA6B551CF}.Debug|Any CPU.Build.0 = Debug|Any CPU
		{41E55D09-EF83-41CB-A497-878EA6B551CF}.Release|Any CPU.ActiveCfg = Release|Any CPU
		{41E55D09-EF83-41CB-A497-878EA6B551CF}.Release|Any CPU.Build.0 = Release|Any CPU
		{023BACAA-6E94-44E7-844B-F8F02CE2F97C}.Debug|Any CPU.ActiveCfg = Debug|Any CPU
		{023BACAA-6E94-44E7-844B-F8F02CE2F97C}.Debug|Any CPU.Build.0 = Debug|Any CPU
		{023BACAA-6E94-44E7-844B-F8F02CE2F97C}.Release|Any CPU.ActiveCfg = Release|Any CPU
		{023BACAA-6E94-44E7-844B-F8F02CE2F97C}.Release|Any CPU.Build.0 = Release|Any CPU
	EndGlobalSection
	GlobalSection(SolutionProperties) = preSolution
		HideSolutionNode = FALSE
	EndGlobalSection
	GlobalSection(ExtensibilityGlobals) = postSolution
		SolutionGuid = {CCF50258-EA0C-4091-8392-1CE0CBA05DD4}
	EndGlobalSection
EndGlobal
