
Microsoft Visual Studio Solution File, Format Version 12.00
# Visual Studio 15
VisualStudioVersion = 15.0.27004.2010
MinimumVisualStudioVersion = 10.0.40219.1
Project("{9A19103F-16F7-4668-BE54-9A1E7A4F7556}") = "ConsoleApp2017", "ConsoleApp2017\ConsoleApp2017.csproj", "{3FC2DB73-3151-4122-8333-5BE8107A3D5A}"
EndProject
Project("{FAE04EC0-301F-11D3-BF4B-00C04F79EFBC}") = "ConsoleApp2015", "ConsoleApp2015\ConsoleApp2015.csproj", "{0FDF3100-1DBB-4158-B3CD-1E8A25903DA2}"
EndProject
Global
	GlobalSection(SolutionConfigurationPlatforms) = preSolution
		Debug|Any CPU = Debug|Any CPU
		Release|Any CPU = Release|Any CPU
	EndGlobalSection
	GlobalSection(ProjectConfigurationPlatforms) = postSolution
		{3FC2DB73-3151-4122-8333-5BE8107A3D5A}.Debug|Any CPU.ActiveCfg = Debug|Any CPU
		{3FC2DB73-3151-4122-8333-5BE8107A3D5A}.Debug|Any CPU.Build.0 = Debug|Any CPU
		{3FC2DB73-3151-4122-8333-5BE8107A3D5A}.Release|Any CPU.ActiveCfg = Release|Any CPU
		{3FC2DB73-3151-4122-8333-5BE8107A3D5A}.Release|Any CPU.Build.0 = Release|Any CPU
		{0FDF3100-1DBB-4158-B3CD-1E8A25903DA2}.Debug|Any CPU.ActiveCfg = Debug|Any CPU
		{0FDF3100-1DBB-4158-B3CD-1E8A25903DA2}.Debug|Any CPU.Build.0 = Debug|Any CPU
		{0FDF3100-1DBB-4158-B3CD-1E8A25903DA2}.Release|Any CPU.ActiveCfg = Release|Any CPU
		{0FDF3100-1DBB-4158-B3CD-1E8A25903DA2}.Release|Any CPU.Build.0 = Release|Any CPU
	EndGlobalSection
	GlobalSection(SolutionProperties) = preSolution
		HideSolutionNode = FALSE
	EndGlobalSection
	GlobalSection(ExtensibilityGlobals) = postSolution
		SolutionGuid = {CCF50258-EA0C-4091-8392-1CE0CBA05DD4}
	EndGlobalSection
EndGlobal
